PODS:
  - Alamofire (4.8.2)
  - AlamofireImage (3.5.2):
    - Alamofire (~> 4.8)
  - SVProgressHUD (2.2.5)

DEPENDENCIES:
  - Alamofire (= 4.8.2)
  - AlamofireImage (= 3.5.2)
  - SVProgressHUD (= 2.2.5)

SPEC REPOS:
  trunk:
    - Alamofire
    - AlamofireImage
    - SVProgressHUD

SPEC CHECKSUMS:
  Alamofire: ae5c501addb7afdbb13687d7f2f722c78734c2d3
  AlamofireImage: 63cfe3baf1370be6c498149687cf6db3e3b00999
  SVProgressHUD: 1428aafac632c1f86f62aa4243ec12008d7a51d6

PODFILE CHECKSUM: da406ed63b10aaf48994e56bb033a124053bca5c

COCOAPODS: 1.9.1
